
Microsoft Visual Studio Solution File, Format Version 12.00
# Visual Studio Version 16
VisualStudioVersion = 16.0.29613.14
MinimumVisualStudioVersion = 10.0.40219.1
Project("{9A19103F-16F7-4668-BE54-9A1E7A4F7556}") = "Dawn", "Dawn\Dawn.csproj", "{A978CAF6-0888-47C2-B8A1-E0802AEE0352}"
EndProject
Project("{FAE04EC0-301F-11D3-BF4B-00C04F79EFBC}") = "CommonDataModel", "CommonDataModel\CommonDataModel.csproj", "{C168852B-29B6-485F-90AF-7FDC2BCA21FA}"
EndProject
Global
	GlobalSection(SolutionConfigurationPlatforms) = preSolution
		Debug|Any CPU = Debug|Any CPU
		Release|Any CPU = Release|Any CPU
	EndGlobalSection
	GlobalSection(ProjectConfigurationPlatforms) = postSolution
		{A978CAF6-0888-47C2-B8A1-E0802AEE0352}.Debug|Any CPU.ActiveCfg = Debug|Any CPU
		{A978CAF6-0888-47C2-B8A1-E0802AEE0352}.Debug|Any CPU.Build.0 = Debug|Any CPU
		{A978CAF6-0888-47C2-B8A1-E0802AEE0352}.Release|Any CPU.ActiveCfg = Release|Any CPU
		{A978CAF6-0888-47C2-B8A1-E0802AEE0352}.Release|Any CPU.Build.0 = Release|Any CPU
		{C168852B-29B6-485F-90AF-7FDC2BCA21FA}.Debug|Any CPU.ActiveCfg = Debug|Any CPU
		{C168852B-29B6-485F-90AF-7FDC2BCA21FA}.Debug|Any CPU.Build.0 = Debug|Any CPU
		{C168852B-29B6-485F-90AF-7FDC2BCA21FA}.Release|Any CPU.ActiveCfg = Release|Any CPU
		{C168852B-29B6-485F-90AF-7FDC2BCA21FA}.Release|Any CPU.Build.0 = Release|Any CPU
	EndGlobalSection
	GlobalSection(SolutionProperties) = preSolution
		HideSolutionNode = FALSE
	EndGlobalSection
	GlobalSection(ExtensibilityGlobals) = postSolution
		SolutionGuid = {5F05A059-26EA-41FC-9BFD-4BEA141F86C4}
	EndGlobalSection
EndGlobal
